
Microsoft Visual Studio Solution File, Format Version 12.00
# Visual Studio 15
Project("{FAE04EC0-301F-11D3-BF4B-00C04F79EFBC}") = "sensorGame.Plugins", "sensorGame.Plugins.csproj", "{DD1DE759-3A3A-6056-5EB7-A3DEE304436D}"
EndProject
Project("{FAE04EC0-301F-11D3-BF4B-00C04F79EFBC}") = "sensorGame", "sensorGame.csproj", "{1EF4963A-2C6A-373F-9A8B-847CBAD57BE3}"
EndProject
Project("{FAE04EC0-301F-11D3-BF4B-00C04F79EFBC}") = "sensorGame.Editor.Plugins", "sensorGame.Editor.Plugins.csproj", "{759D6D30-C620-FB43-369D-F446638E6866}"
EndProject
Global
	GlobalSection(SolutionConfigurationPlatforms) = preSolution
		Debug|Any CPU = Debug|Any CPU
		Release|Any CPU = Release|Any CPU
	EndGlobalSection
	GlobalSection(ProjectConfigurationPlatforms) = postSolution
		{DD1DE759-3A3A-6056-5EB7-A3DEE304436D}.Debug|Any CPU.ActiveCfg = Debug|Any CPU
		{DD1DE759-3A3A-6056-5EB7-A3DEE304436D}.Debug|Any CPU.Build.0 = Debug|Any CPU
		{DD1DE759-3A3A-6056-5EB7-A3DEE304436D}.Release|Any CPU.ActiveCfg = Release|Any CPU
		{DD1DE759-3A3A-6056-5EB7-A3DEE304436D}.Release|Any CPU.Build.0 = Release|Any CPU
		{1EF4963A-2C6A-373F-9A8B-847CBAD57BE3}.Debug|Any CPU.ActiveCfg = Debug|Any CPU
		{1EF4963A-2C6A-373F-9A8B-847CBAD57BE3}.Debug|Any CPU.Build.0 = Debug|Any CPU
		{1EF4963A-2C6A-373F-9A8B-847CBAD57BE3}.Release|Any CPU.ActiveCfg = Release|Any CPU
		{1EF4963A-2C6A-373F-9A8B-847CBAD57BE3}.Release|Any CPU.Build.0 = Release|Any CPU
		{759D6D30-C620-FB43-369D-F446638E6866}.Debug|Any CPU.ActiveCfg = Debug|Any CPU
		{759D6D30-C620-FB43-369D-F446638E6866}.Debug|Any CPU.Build.0 = Debug|Any CPU
		{759D6D30-C620-FB43-369D-F446638E6866}.Release|Any CPU.ActiveCfg = Release|Any CPU
		{759D6D30-C620-FB43-369D-F446638E6866}.Release|Any CPU.Build.0 = Release|Any CPU
	EndGlobalSection
	GlobalSection(SolutionProperties) = preSolution
		HideSolutionNode = FALSE
	EndGlobalSection
EndGlobal
